
Microsoft Visual Studio Solution File, Format Version 12.00
# Visual Studio 14
VisualStudioVersion = 14.0.24720.0
MinimumVisualStudioVersion = 10.0.40219.1
Project("{2150E333-8FDC-42A3-9474-1A3956D46DE8}") = "Core", "Core", "{048C1AB9-8904-44A9-B8E6-31B6C81FB53E}"
EndProject
Project("{8BB2217D-0F2D-49D1-97BC-3654ED321F3B}") = "Akka.TestKit", "core\Akka.TestKit\Akka.TestKit.xproj", "{3F6E5FFC-4D4D-4A70-8D50-503A91BC6BA3}"
EndProject
Project("{8BB2217D-0F2D-49D1-97BC-3654ED321F3B}") = "Akka.TestKit.Xunit2", "contrib\testkits\Akka.TestKit.Xunit2\Akka.TestKit.Xunit2.xproj", "{49892267-6076-41E8-A374-D081FA909E1C}"
EndProject
Project("{2150E333-8FDC-42A3-9474-1A3956D46DE8}") = "Solution Items", "Solution Items", "{F968A84A-6050-4704-BE50-7C3A6BEC812A}"
EndProject
Project("{8BB2217D-0F2D-49D1-97BC-3654ED321F3B}") = "Akka.Tests.Shared.Internals", "core\Akka.Tests.Shared.Internals\Akka.Tests.Shared.Internals.xproj", "{89ADBFD6-7D3B-4D10-B432-09234CE2F540}"
EndProject
Project("{8BB2217D-0F2D-49D1-97BC-3654ED321F3B}") = "Akka.Tests", "core\Akka.Tests\Akka.Tests.xproj", "{F72FC814-B3E5-44BF-8AFF-554207257893}"
EndProject
Project("{2150E333-8FDC-42A3-9474-1A3956D46DE8}") = "Examples", "Examples", "{A13D14A2-7F09-4CF4-9997-D46961C04738}"
EndProject
Project("{8BB2217D-0F2D-49D1-97BC-3654ED321F3B}") = "HelloAkka", "examples\HelloWorld\HelloAkka\HelloAkka.xproj", "{201AA350-CF51-489A-A7D1-AA06A4DE7219}"
EndProject
Project("{8BB2217D-0F2D-49D1-97BC-3654ED321F3B}") = "FaultTolerance", "examples\FaultTolerance\FaultTolerance.xproj", "{8AA73CF1-BD25-4D8D-9C95-C011212AF363}"
EndProject
Project("{FAE04EC0-301F-11D3-BF4B-00C04F79EFBC}") = "AkkaChat", "examples\AkkaChat\AkkaChat.csproj", "{1B4C8231-77DE-4901-B94A-E943D32979F5}"
EndProject
Project("{FAE04EC0-301F-11D3-BF4B-00C04F79EFBC}") = "Akka.Portable", "core\Akka\Akka.Portable.csproj", "{41567EE6-C4D8-49D5-A423-C7201B206777}"
EndProject
Project("{8BB2217D-0F2D-49D1-97BC-3654ED321F3B}") = "Akka", "core\Akka\Akka.xproj", "{81765631-AAD7-4BD2-8D93-2EAA3AC04CB3}"
EndProject
Project("{FAE04EC0-301F-11D3-BF4B-00C04F79EFBC}") = "AkkaChat.Model", "AkkaChat.Model\AkkaChat.Model.csproj", "{FC7FD3F0-C067-4E78-B854-E5C5472B048A}"
EndProject
Project("{FAE04EC0-301F-11D3-BF4B-00C04F79EFBC}") = "AkkaChat.Server", "AkkaChat.Server\AkkaChat.Server.csproj", "{8C6A433C-06D0-4F55-BB26-C1B2DA3CF55E}"
EndProject
Global
	GlobalSection(SolutionConfigurationPlatforms) = preSolution
		Debug|Any CPU = Debug|Any CPU
		Debug|ARM = Debug|ARM
		Debug|x86 = Debug|x86
		Release|Any CPU = Release|Any CPU
		Release|ARM = Release|ARM
		Release|x86 = Release|x86
	EndGlobalSection
	GlobalSection(ProjectConfigurationPlatforms) = postSolution
		{3F6E5FFC-4D4D-4A70-8D50-503A91BC6BA3}.Debug|Any CPU.ActiveCfg = Debug|Any CPU
		{3F6E5FFC-4D4D-4A70-8D50-503A91BC6BA3}.Debug|ARM.ActiveCfg = Debug|Any CPU
		{3F6E5FFC-4D4D-4A70-8D50-503A91BC6BA3}.Debug|ARM.Build.0 = Debug|Any CPU
		{3F6E5FFC-4D4D-4A70-8D50-503A91BC6BA3}.Debug|x86.ActiveCfg = Debug|Any CPU
		{3F6E5FFC-4D4D-4A70-8D50-503A91BC6BA3}.Debug|x86.Build.0 = Debug|Any CPU
		{3F6E5FFC-4D4D-4A70-8D50-503A91BC6BA3}.Release|Any CPU.ActiveCfg = Release|Any CPU
		{3F6E5FFC-4D4D-4A70-8D50-503A91BC6BA3}.Release|ARM.ActiveCfg = Release|Any CPU
		{3F6E5FFC-4D4D-4A70-8D50-503A91BC6BA3}.Release|ARM.Build.0 = Release|Any CPU
		{3F6E5FFC-4D4D-4A70-8D50-503A91BC6BA3}.Release|x86.ActiveCfg = Release|Any CPU
		{3F6E5FFC-4D4D-4A70-8D50-503A91BC6BA3}.Release|x86.Build.0 = Release|Any CPU
		{49892267-6076-41E8-A374-D081FA909E1C}.Debug|Any CPU.ActiveCfg = Debug|Any CPU
		{49892267-6076-41E8-A374-D081FA909E1C}.Debug|ARM.ActiveCfg = Debug|Any CPU
		{49892267-6076-41E8-A374-D081FA909E1C}.Debug|ARM.Build.0 = Debug|Any CPU
		{49892267-6076-41E8-A374-D081FA909E1C}.Debug|x86.ActiveCfg = Debug|Any CPU
		{49892267-6076-41E8-A374-D081FA909E1C}.Debug|x86.Build.0 = Debug|Any CPU
		{49892267-6076-41E8-A374-D081FA909E1C}.Release|Any CPU.ActiveCfg = Release|Any CPU
		{49892267-6076-41E8-A374-D081FA909E1C}.Release|ARM.ActiveCfg = Release|Any CPU
		{49892267-6076-41E8-A374-D081FA909E1C}.Release|ARM.Build.0 = Release|Any CPU
		{49892267-6076-41E8-A374-D081FA909E1C}.Release|x86.ActiveCfg = Release|Any CPU
		{49892267-6076-41E8-A374-D081FA909E1C}.Release|x86.Build.0 = Release|Any CPU
		{89ADBFD6-7D3B-4D10-B432-09234CE2F540}.Debug|Any CPU.ActiveCfg = Debug|Any CPU
		{89ADBFD6-7D3B-4D10-B432-09234CE2F540}.Debug|ARM.ActiveCfg = Debug|Any CPU
		{89ADBFD6-7D3B-4D10-B432-09234CE2F540}.Debug|ARM.Build.0 = Debug|Any CPU
		{89ADBFD6-7D3B-4D10-B432-09234CE2F540}.Debug|x86.ActiveCfg = Debug|Any CPU
		{89ADBFD6-7D3B-4D10-B432-09234CE2F540}.Debug|x86.Build.0 = Debug|Any CPU
		{89ADBFD6-7D3B-4D10-B432-09234CE2F540}.Release|Any CPU.ActiveCfg = Release|Any CPU
		{89ADBFD6-7D3B-4D10-B432-09234CE2F540}.Release|ARM.ActiveCfg = Release|Any CPU
		{89ADBFD6-7D3B-4D10-B432-09234CE2F540}.Release|ARM.Build.0 = Release|Any CPU
		{89ADBFD6-7D3B-4D10-B432-09234CE2F540}.Release|x86.ActiveCfg = Release|Any CPU
		{89ADBFD6-7D3B-4D10-B432-09234CE2F540}.Release|x86.Build.0 = Release|Any CPU
		{F72FC814-B3E5-44BF-8AFF-554207257893}.Debug|Any CPU.ActiveCfg = Debug|Any CPU
		{F72FC814-B3E5-44BF-8AFF-554207257893}.Debug|ARM.ActiveCfg = Debug|Any CPU
		{F72FC814-B3E5-44BF-8AFF-554207257893}.Debug|ARM.Build.0 = Debug|Any CPU
		{F72FC814-B3E5-44BF-8AFF-554207257893}.Debug|x86.ActiveCfg = Debug|Any CPU
		{F72FC814-B3E5-44BF-8AFF-554207257893}.Debug|x86.Build.0 = Debug|Any CPU
		{F72FC814-B3E5-44BF-8AFF-554207257893}.Release|Any CPU.ActiveCfg = Release|Any CPU
		{F72FC814-B3E5-44BF-8AFF-554207257893}.Release|ARM.ActiveCfg = Release|Any CPU
		{F72FC814-B3E5-44BF-8AFF-554207257893}.Release|ARM.Build.0 = Release|Any CPU
		{F72FC814-B3E5-44BF-8AFF-554207257893}.Release|x86.ActiveCfg = Release|Any CPU
		{F72FC814-B3E5-44BF-8AFF-554207257893}.Release|x86.Build.0 = Release|Any CPU
		{201AA350-CF51-489A-A7D1-AA06A4DE7219}.Debug|Any CPU.ActiveCfg = Debug|Any CPU
		{201AA350-CF51-489A-A7D1-AA06A4DE7219}.Debug|ARM.ActiveCfg = Debug|Any CPU
		{201AA350-CF51-489A-A7D1-AA06A4DE7219}.Debug|ARM.Build.0 = Debug|Any CPU
		{201AA350-CF51-489A-A7D1-AA06A4DE7219}.Debug|x86.ActiveCfg = Debug|Any CPU
		{201AA350-CF51-489A-A7D1-AA06A4DE7219}.Debug|x86.Build.0 = Debug|Any CPU
		{201AA350-CF51-489A-A7D1-AA06A4DE7219}.Release|Any CPU.ActiveCfg = Release|Any CPU
		{201AA350-CF51-489A-A7D1-AA06A4DE7219}.Release|ARM.ActiveCfg = Release|Any CPU
		{201AA350-CF51-489A-A7D1-AA06A4DE7219}.Release|ARM.Build.0 = Release|Any CPU
		{201AA350-CF51-489A-A7D1-AA06A4DE7219}.Release|x86.ActiveCfg = Release|Any CPU
		{201AA350-CF51-489A-A7D1-AA06A4DE7219}.Release|x86.Build.0 = Release|Any CPU
		{8AA73CF1-BD25-4D8D-9C95-C011212AF363}.Debug|Any CPU.ActiveCfg = Debug|Any CPU
		{8AA73CF1-BD25-4D8D-9C95-C011212AF363}.Debug|ARM.ActiveCfg = Debug|Any CPU
		{8AA73CF1-BD25-4D8D-9C95-C011212AF363}.Debug|ARM.Build.0 = Debug|Any CPU
		{8AA73CF1-BD25-4D8D-9C95-C011212AF363}.Debug|x86.ActiveCfg = Debug|Any CPU
		{8AA73CF1-BD25-4D8D-9C95-C011212AF363}.Debug|x86.Build.0 = Debug|Any CPU
		{8AA73CF1-BD25-4D8D-9C95-C011212AF363}.Release|Any CPU.ActiveCfg = Release|Any CPU
		{8AA73CF1-BD25-4D8D-9C95-C011212AF363}.Release|ARM.ActiveCfg = Release|Any CPU
		{8AA73CF1-BD25-4D8D-9C95-C011212AF363}.Release|ARM.Build.0 = Release|Any CPU
		{8AA73CF1-BD25-4D8D-9C95-C011212AF363}.Release|x86.ActiveCfg = Release|Any CPU
		{8AA73CF1-BD25-4D8D-9C95-C011212AF363}.Release|x86.Build.0 = Release|Any CPU
		{1B4C8231-77DE-4901-B94A-E943D32979F5}.Debug|Any CPU.ActiveCfg = Debug|x86
		{1B4C8231-77DE-4901-B94A-E943D32979F5}.Debug|ARM.ActiveCfg = Debug|ARM
		{1B4C8231-77DE-4901-B94A-E943D32979F5}.Debug|ARM.Build.0 = Debug|ARM
		{1B4C8231-77DE-4901-B94A-E943D32979F5}.Debug|ARM.Deploy.0 = Debug|ARM
		{1B4C8231-77DE-4901-B94A-E943D32979F5}.Debug|x86.ActiveCfg = Debug|x86
		{1B4C8231-77DE-4901-B94A-E943D32979F5}.Debug|x86.Build.0 = Debug|x86
		{1B4C8231-77DE-4901-B94A-E943D32979F5}.Debug|x86.Deploy.0 = Debug|x86
		{1B4C8231-77DE-4901-B94A-E943D32979F5}.Release|Any CPU.ActiveCfg = Release|x86
		{1B4C8231-77DE-4901-B94A-E943D32979F5}.Release|ARM.ActiveCfg = Release|ARM
		{1B4C8231-77DE-4901-B94A-E943D32979F5}.Release|ARM.Build.0 = Release|ARM
		{1B4C8231-77DE-4901-B94A-E943D32979F5}.Release|ARM.Deploy.0 = Release|ARM
		{1B4C8231-77DE-4901-B94A-E943D32979F5}.Release|x86.ActiveCfg = Release|x86
		{1B4C8231-77DE-4901-B94A-E943D32979F5}.Release|x86.Build.0 = Release|x86
		{1B4C8231-77DE-4901-B94A-E943D32979F5}.Release|x86.Deploy.0 = Release|x86
		{41567EE6-C4D8-49D5-A423-C7201B206777}.Debug|Any CPU.ActiveCfg = Debug|Any CPU
		{41567EE6-C4D8-49D5-A423-C7201B206777}.Debug|Any CPU.Build.0 = Debug|Any CPU
		{41567EE6-C4D8-49D5-A423-C7201B206777}.Debug|ARM.ActiveCfg = Debug|Any CPU
		{41567EE6-C4D8-49D5-A423-C7201B206777}.Debug|ARM.Build.0 = Debug|Any CPU
		{41567EE6-C4D8-49D5-A423-C7201B206777}.Debug|x86.ActiveCfg = Debug|Any CPU
		{41567EE6-C4D8-49D5-A423-C7201B206777}.Debug|x86.Build.0 = Debug|Any CPU
		{41567EE6-C4D8-49D5-A423-C7201B206777}.Release|Any CPU.ActiveCfg = Release|Any CPU
		{41567EE6-C4D8-49D5-A423-C7201B206777}.Release|Any CPU.Build.0 = Release|Any CPU
		{41567EE6-C4D8-49D5-A423-C7201B206777}.Release|ARM.ActiveCfg = Release|Any CPU
		{41567EE6-C4D8-49D5-A423-C7201B206777}.Release|ARM.Build.0 = Release|Any CPU
		{41567EE6-C4D8-49D5-A423-C7201B206777}.Release|x86.ActiveCfg = Release|Any CPU
		{41567EE6-C4D8-49D5-A423-C7201B206777}.Release|x86.Build.0 = Release|Any CPU
		{81765631-AAD7-4BD2-8D93-2EAA3AC04CB3}.Debug|Any CPU.ActiveCfg = Debug|Any CPU
		{81765631-AAD7-4BD2-8D93-2EAA3AC04CB3}.Debug|ARM.ActiveCfg = Debug|Any CPU
		{81765631-AAD7-4BD2-8D93-2EAA3AC04CB3}.Debug|ARM.Build.0 = Debug|Any CPU
		{81765631-AAD7-4BD2-8D93-2EAA3AC04CB3}.Debug|x86.ActiveCfg = Debug|Any CPU
		{81765631-AAD7-4BD2-8D93-2EAA3AC04CB3}.Debug|x86.Build.0 = Debug|Any CPU
		{81765631-AAD7-4BD2-8D93-2EAA3AC04CB3}.Release|Any CPU.ActiveCfg = Release|Any CPU
		{81765631-AAD7-4BD2-8D93-2EAA3AC04CB3}.Release|ARM.ActiveCfg = Release|Any CPU
		{81765631-AAD7-4BD2-8D93-2EAA3AC04CB3}.Release|ARM.Build.0 = Release|Any CPU
		{81765631-AAD7-4BD2-8D93-2EAA3AC04CB3}.Release|x86.ActiveCfg = Release|Any CPU
		{81765631-AAD7-4BD2-8D93-2EAA3AC04CB3}.Release|x86.Build.0 = Release|Any CPU
		{FC7FD3F0-C067-4E78-B854-E5C5472B048A}.Debug|Any CPU.ActiveCfg = Debug|Any CPU
		{FC7FD3F0-C067-4E78-B854-E5C5472B048A}.Debug|Any CPU.Build.0 = Debug|Any CPU
		{FC7FD3F0-C067-4E78-B854-E5C5472B048A}.Debug|ARM.ActiveCfg = Debug|Any CPU
		{FC7FD3F0-C067-4E78-B854-E5C5472B048A}.Debug|ARM.Build.0 = Debug|Any CPU
		{FC7FD3F0-C067-4E78-B854-E5C5472B048A}.Debug|x86.ActiveCfg = Debug|Any CPU
		{FC7FD3F0-C067-4E78-B854-E5C5472B048A}.Debug|x86.Build.0 = Debug|Any CPU
		{FC7FD3F0-C067-4E78-B854-E5C5472B048A}.Release|Any CPU.ActiveCfg = Release|Any CPU
		{FC7FD3F0-C067-4E78-B854-E5C5472B048A}.Release|Any CPU.Build.0 = Release|Any CPU
		{FC7FD3F0-C067-4E78-B854-E5C5472B048A}.Release|ARM.ActiveCfg = Release|Any CPU
		{FC7FD3F0-C067-4E78-B854-E5C5472B048A}.Release|ARM.Build.0 = Release|Any CPU
		{FC7FD3F0-C067-4E78-B854-E5C5472B048A}.Release|x86.ActiveCfg = Release|Any CPU
		{FC7FD3F0-C067-4E78-B854-E5C5472B048A}.Release|x86.Build.0 = Release|Any CPU
		{8C6A433C-06D0-4F55-BB26-C1B2DA3CF55E}.Debug|Any CPU.ActiveCfg = Debug|Any CPU
		{8C6A433C-06D0-4F55-BB26-C1B2DA3CF55E}.Debug|Any CPU.Build.0 = Debug|Any CPU
		{8C6A433C-06D0-4F55-BB26-C1B2DA3CF55E}.Debug|ARM.ActiveCfg = Debug|Any CPU
		{8C6A433C-06D0-4F55-BB26-C1B2DA3CF55E}.Debug|ARM.Build.0 = Debug|Any CPU
		{8C6A433C-06D0-4F55-BB26-C1B2DA3CF55E}.Debug|x86.ActiveCfg = Debug|Any CPU
		{8C6A433C-06D0-4F55-BB26-C1B2DA3CF55E}.Debug|x86.Build.0 = Debug|Any CPU
		{8C6A433C-06D0-4F55-BB26-C1B2DA3CF55E}.Release|Any CPU.ActiveCfg = Release|Any CPU
		{8C6A433C-06D0-4F55-BB26-C1B2DA3CF55E}.Release|Any CPU.Build.0 = Release|Any CPU
		{8C6A433C-06D0-4F55-BB26-C1B2DA3CF55E}.Release|ARM.ActiveCfg = Release|Any CPU
		{8C6A433C-06D0-4F55-BB26-C1B2DA3CF55E}.Release|ARM.Build.0 = Release|Any CPU
		{8C6A433C-06D0-4F55-BB26-C1B2DA3CF55E}.Release|x86.ActiveCfg = Release|Any CPU
		{8C6A433C-06D0-4F55-BB26-C1B2DA3CF55E}.Release|x86.Build.0 = Release|Any CPU
	EndGlobalSection
	GlobalSection(SolutionProperties) = preSolution
		HideSolutionNode = FALSE
	EndGlobalSection
	GlobalSection(NestedProjects) = preSolution
		{3F6E5FFC-4D4D-4A70-8D50-503A91BC6BA3} = {048C1AB9-8904-44A9-B8E6-31B6C81FB53E}
		{49892267-6076-41E8-A374-D081FA909E1C} = {048C1AB9-8904-44A9-B8E6-31B6C81FB53E}
		{89ADBFD6-7D3B-4D10-B432-09234CE2F540} = {048C1AB9-8904-44A9-B8E6-31B6C81FB53E}
		{F72FC814-B3E5-44BF-8AFF-554207257893} = {048C1AB9-8904-44A9-B8E6-31B6C81FB53E}
		{201AA350-CF51-489A-A7D1-AA06A4DE7219} = {A13D14A2-7F09-4CF4-9997-D46961C04738}
		{8AA73CF1-BD25-4D8D-9C95-C011212AF363} = {A13D14A2-7F09-4CF4-9997-D46961C04738}
		{1B4C8231-77DE-4901-B94A-E943D32979F5} = {A13D14A2-7F09-4CF4-9997-D46961C04738}
		{41567EE6-C4D8-49D5-A423-C7201B206777} = {048C1AB9-8904-44A9-B8E6-31B6C81FB53E}
		{81765631-AAD7-4BD2-8D93-2EAA3AC04CB3} = {048C1AB9-8904-44A9-B8E6-31B6C81FB53E}
		{FC7FD3F0-C067-4E78-B854-E5C5472B048A} = {A13D14A2-7F09-4CF4-9997-D46961C04738}
		{8C6A433C-06D0-4F55-BB26-C1B2DA3CF55E} = {A13D14A2-7F09-4CF4-9997-D46961C04738}
	EndGlobalSection
EndGlobal
